{
  "name": "next-12.2+",
  "lockfileVersion": 2,
  "requires": true,
  "packages": {
    "": {
      "dependencies": {
        "next": "12.3.2",
        "next-router-mock": "../.."
      }
    },
    "../..": {
      "version": "1.0.0",
      "license": "MIT",
      "devDependencies": {
        "@changesets/cli": "^2.26.2",
        "@testing-library/react": "^13.4.0",
        "@types/jest": "^26.0.20",
        "doctoc": "^2.2.0",
        "jest": "^26.6.3",
        "next": "^13.5.1",
        "prettier": "^2.2.1",
        "react": "^18.2.0",
        "react-dom": "^18.2.0",
        "react-test-renderer": "^18.2.0",
        "rimraf": "^3.0.2",
        "ts-jest": "^26.4.4",
        "typescript": "^4.9.5"
      },
      "peerDependencies": {
        "next": ">=10.0.0",
        "react": ">=17.0.0"
      }
    },
    "node_modules/@next/env": {
      "version": "12.3.2",
      "resolved": "https://registry.npmjs.org/@next/env/-/env-12.3.2.tgz",
      "integrity": "sha512-upwtMaHxlv/udAWGq0kE+rg8huwmcxQPsKZFhS1R5iVO323mvxEBe1YrSXe1awLbg9sTIuEHbgxjLLt7JbeuAQ=="
    },
    "node_modules/@next/swc-android-arm-eabi": {
      "version": "12.3.2",
      "resolved": "https://registry.npmjs.org/@next/swc-android-arm-eabi/-/swc-android-arm-eabi-12.3.2.tgz",
      "integrity": "sha512-r2rrz+DZ8YYGqzVrbRrpP6GKzwozpOrnFbErc4k36vUTSFMag9yQahZfaBe06JYdqu/e5yhm/saIDEaSVPRP4g==",
      "cpu": [
        "arm"
      ],
      "optional": true,
      "os": [
        "android"
      ],
      "engines": {
        "node": ">= 10"
      }
    },
    "node_modules/@next/swc-android-arm64": {
      "version": "12.3.2",
      "resolved": "https://registry.npmjs.org/@next/swc-android-arm64/-/swc-android-arm64-12.3.2.tgz",
      "integrity": "sha512-B+TINJhCf+CrY1+b3/JWQlkecv53rAGa/gA7gi5B1cnBa/2Uvoe+Ue0JeCefTjfiyl1ScsyNx+NcESY8Ye2Ngg==",
      "cpu": [
        "arm64"
      ],
      "optional": true,
      "os": [
        "android"
      ],
      "engines": {
        "node": ">= 10"
      }
    },
    "node_modules/@next/swc-darwin-arm64": {
      "version": "12.3.2",
      "resolved": "https://registry.npmjs.org/@next/swc-darwin-arm64/-/swc-darwin-arm64-12.3.2.tgz",
      "integrity": "sha512-PTUfe1ZrwjsiuTmr3bOM9lsoy5DCmfYsLOUF9ZVhtbi5MNJVmUTy4VZ06GfrvnCO5hGCr48z3vpFE9QZ0qLcPw==",
      "cpu": [
        "arm64"
      ],
      "optional": true,
      "os": [
        "darwin"
      ],
      "engines": {
        "node": ">= 10"
      }
    },
    "node_modules/@next/swc-darwin-x64": {
      "version": "12.3.2",
      "resolved": "https://registry.npmjs.org/@next/swc-darwin-x64/-/swc-darwin-x64-12.3.2.tgz",
      "integrity": "sha512-1HkjmS9awwlaeEY8Y01nRSNkSv3y+qnC/mjMPe/W66hEh3QKa/LQHqHeS7NOdEs19B2mhZ7w+EgMRXdLQ0Su8w==",
      "cpu": [
        "x64"
      ],
      "optional": true,
      "os": [
        "darwin"
      ],
      "engines": {
        "node": ">= 10"
      }
    },
    "node_modules/@next/swc-freebsd-x64": {
      "version": "12.3.2",
      "resolved": "https://registry.npmjs.org/@next/swc-freebsd-x64/-/swc-freebsd-x64-12.3.2.tgz",
      "integrity": "sha512-h5Mx0BKDCJ5Vu/U8e07esF6PjPv1EJgmRbYWTUZMAflu13MQpCJkKEJir7+BeRfTXRfgFf+llc7uocrpd7mcrg==",
      "cpu": [
        "x64"
      ],
      "optional": true,
      "os": [
        "freebsd"
      ],
      "engines": {
        "node": ">= 10"
      }
    },
    "node_modules/@next/swc-linux-arm-gnueabihf": {
      "version": "12.3.2",
      "resolved": "https://registry.npmjs.org/@next/swc-linux-arm-gnueabihf/-/swc-linux-arm-gnueabihf-12.3.2.tgz",
      "integrity": "sha512-EuRZAamoxfe/WoWRaC0zsCAoE4gs/mEhilcloNM4J5Mnb3PLY8PZV394W7t5tjBjItMCF7l2Ebwjwtm46tq2RA==",
      "cpu": [
        "arm"
      ],
      "optional": true,
      "os": [
        "linux"
      ],
      "engines": {
        "node": ">= 10"
      }
    },
    "node_modules/@next/swc-linux-arm64-gnu": {
      "version": "12.3.2",
      "resolved": "https://registry.npmjs.org/@next/swc-linux-arm64-gnu/-/swc-linux-arm64-gnu-12.3.2.tgz",
      "integrity": "sha512-T9GCFyOIb4S3acA9LqflUYD+QZ94iZketHCqKdoO0Nx0OCHIgGJV5rotDe8TDXwh/goYpIfyHU4j1qqw4w4VnA==",
      "cpu": [
        "arm64"
      ],
      "optional": true,
      "os": [
        "linux"
      ],
      "engines": {
        "node": ">= 10"
      }
    },
    "node_modules/@next/swc-linux-arm64-musl": {
      "version": "12.3.2",
      "resolved": "https://registry.npmjs.org/@next/swc-linux-arm64-musl/-/swc-linux-arm64-musl-12.3.2.tgz",
      "integrity": "sha512-hxNVZS6L3c2z3l9EH2GP0MGQ9exu6O8cohYNZyqC9WUl6C03sEn8xzDH1y+NgD3fVurvYkGU5F0PDddJJLfDIw==",
      "cpu": [
        "arm64"
      ],
      "optional": true,
      "os": [
        "linux"
      ],
      "engines": {
        "node": ">= 10"
      }
    },
    "node_modules/@next/swc-linux-x64-gnu": {
      "version": "12.3.2",
      "resolved": "https://registry.npmjs.org/@next/swc-linux-x64-gnu/-/swc-linux-x64-gnu-12.3.2.tgz",
      "integrity": "sha512-fCPkLuwDwY8/QeXxciJJjDHG09liZym/Bhb4A+RLFQ877wUkwFsNWDUTSdUx0YXlYK/1gf67BKauqKkOKp6CYw==",
      "cpu": [
        "x64"
      ],
      "optional": true,
      "os": [
        "linux"
      ],
      "engines": {
        "node": ">= 10"
      }
    },
    "node_modules/@next/swc-linux-x64-musl": {
      "version": "12.3.2",
      "resolved": "https://registry.npmjs.org/@next/swc-linux-x64-musl/-/swc-linux-x64-musl-12.3.2.tgz",
      "integrity": "sha512-o+GifBIQ2K+/MEFxHsxUZoU3bsuVFLXZYWd3idimFHiVdDCVYiKsY6mYMmKDlucX+9xRyOCkKL9Tjf+3tuXJpw==",
      "cpu": [
        "x64"
      ],
      "optional": true,
      "os": [
        "linux"
      ],
      "engines": {
        "node": ">= 10"
      }
    },
    "node_modules/@next/swc-win32-arm64-msvc": {
      "version": "12.3.2",
      "resolved": "https://registry.npmjs.org/@next/swc-win32-arm64-msvc/-/swc-win32-arm64-msvc-12.3.2.tgz",
      "integrity": "sha512-crii66irzGGMSUR0L8r9+A06eTv7FTXqw4rgzJ33M79EwQJOdpY7RVKXLQMurUhniEeQEEOfamiEdPIi/qxisw==",
      "cpu": [
        "arm64"
      ],
      "optional": true,
      "os": [
        "win32"
      ],
      "engines": {
        "node": ">= 10"
      }
    },
    "node_modules/@next/swc-win32-ia32-msvc": {
      "version": "12.3.2",
      "resolved": "https://registry.npmjs.org/@next/swc-win32-ia32-msvc/-/swc-win32-ia32-msvc-12.3.2.tgz",
      "integrity": "sha512-5hRUSvn3MdQ4nVRu1rmKxq5YJzpTtZfaC/NyGw6wa4NSF1noUn/pdQGUr+I5Qz3CZkd1gZzzC0eaXQHlrk0E2g==",
      "cpu": [
        "ia32"
      ],
      "optional": true,
      "os": [
        "win32"
      ],
      "engines": {
        "node": ">= 10"
      }
    },
    "node_modules/@next/swc-win32-x64-msvc": {
      "version": "12.3.2",
      "resolved": "https://registry.npmjs.org/@next/swc-win32-x64-msvc/-/swc-win32-x64-msvc-12.3.2.tgz",
      "integrity": "sha512-tpQJYUH+TzPMIsdVl9fH8uDg47iwiNjKY+8e9da3dXqlkztKzjSw0OwSADoqh3KrifplXeKSta+BBGLdBqg3sg==",
      "cpu": [
        "x64"
      ],
      "optional": true,
      "os": [
        "win32"
      ],
      "engines": {
        "node": ">= 10"
      }
    },
    "node_modules/@swc/helpers": {
      "version": "0.4.11",
      "resolved": "https://registry.npmjs.org/@swc/helpers/-/helpers-0.4.11.tgz",
      "integrity": "sha512-rEUrBSGIoSFuYxwBYtlUFMlE2CwGhmW+w9355/5oduSw8e5h2+Tj4UrAGNNgP9915++wj5vkQo0UuOBqOAq4nw==",
      "dependencies": {
        "tslib": "^2.4.0"
      }
    },
    "node_modules/caniuse-lite": {
      "version": "1.0.30001431",
      "resolved": "https://registry.npmjs.org/caniuse-lite/-/caniuse-lite-1.0.30001431.tgz",
      "integrity": "sha512-zBUoFU0ZcxpvSt9IU66dXVT/3ctO1cy4y9cscs1szkPlcWb6pasYM144GqrUygUbT+k7cmUCW61cvskjcv0enQ==",
      "funding": [
        {
          "type": "opencollective",
          "url": "https://opencollective.com/browserslist"
        },
        {
          "type": "tidelift",
          "url": "https://tidelift.com/funding/github/npm/caniuse-lite"
        }
      ]
    },
    "node_modules/js-tokens": {
      "version": "4.0.0",
      "license": "MIT",
      "peer": true
    },
    "node_modules/loose-envify": {
      "version": "1.4.0",
      "license": "MIT",
      "peer": true,
      "dependencies": {
        "js-tokens": "^3.0.0 || ^4.0.0"
      },
      "bin": {
        "loose-envify": "cli.js"
      }
    },
    "node_modules/nanoid": {
      "version": "3.3.4",
      "resolved": "https://registry.npmjs.org/nanoid/-/nanoid-3.3.4.tgz",
      "integrity": "sha512-MqBkQh/OHTS2egovRtLk45wEyNXwF+cokD+1YPf9u5VfJiRdAiRwB2froX5Co9Rh20xs4siNPm8naNotSD6RBw==",
      "bin": {
        "nanoid": "bin/nanoid.cjs"
      },
      "engines": {
        "node": "^10 || ^12 || ^13.7 || ^14 || >=15.0.1"
      }
    },
    "node_modules/next": {
      "version": "12.3.2",
      "resolved": "https://registry.npmjs.org/next/-/next-12.3.2.tgz",
      "integrity": "sha512-orzvvebCwOqaz1eA5ZA0R5dbKxqtJyw7yeig7kDspu6p8OrplfyelzpvMHcDTKscv/l0nn/0l0v3mSsE8w4k7A==",
      "dependencies": {
        "@next/env": "12.3.2",
        "@swc/helpers": "0.4.11",
        "caniuse-lite": "^1.0.30001406",
        "postcss": "8.4.14",
        "styled-jsx": "5.0.7",
        "use-sync-external-store": "1.2.0"
      },
      "bin": {
        "next": "dist/bin/next"
      },
      "engines": {
        "node": ">=12.22.0"
      },
      "optionalDependencies": {
        "@next/swc-android-arm-eabi": "12.3.2",
        "@next/swc-android-arm64": "12.3.2",
        "@next/swc-darwin-arm64": "12.3.2",
        "@next/swc-darwin-x64": "12.3.2",
        "@next/swc-freebsd-x64": "12.3.2",
        "@next/swc-linux-arm-gnueabihf": "12.3.2",
        "@next/swc-linux-arm64-gnu": "12.3.2",
        "@next/swc-linux-arm64-musl": "12.3.2",
        "@next/swc-linux-x64-gnu": "12.3.2",
        "@next/swc-linux-x64-musl": "12.3.2",
        "@next/swc-win32-arm64-msvc": "12.3.2",
        "@next/swc-win32-ia32-msvc": "12.3.2",
        "@next/swc-win32-x64-msvc": "12.3.2"
      },
      "peerDependencies": {
        "fibers": ">= 3.1.0",
        "node-sass": "^6.0.0 || ^7.0.0",
        "react": "^17.0.2 || ^18.0.0-0",
        "react-dom": "^17.0.2 || ^18.0.0-0",
        "sass": "^1.3.0"
      },
      "peerDependenciesMeta": {
        "fibers": {
          "optional": true
        },
        "node-sass": {
          "optional": true
        },
        "sass": {
          "optional": true
        }
      }
    },
    "node_modules/next-router-mock": {
      "resolved": "../..",
      "link": true
    },
    "node_modules/picocolors": {
      "version": "1.0.0",
      "resolved": "https://registry.npmjs.org/picocolors/-/picocolors-1.0.0.tgz",
      "integrity": "sha512-1fygroTLlHu66zi26VoTDv8yRgm0Fccecssto+MhsZ0D/DGW2sm8E8AjW7NU5VVTRt5GxbeZ5qBuJr+HyLYkjQ=="
    },
    "node_modules/postcss": {
      "version": "8.4.14",
      "resolved": "https://registry.npmjs.org/postcss/-/postcss-8.4.14.tgz",
      "integrity": "sha512-E398TUmfAYFPBSdzgeieK2Y1+1cpdxJx8yXbK/m57nRhKSmk1GB2tO4lbLBtlkfPQTDKfe4Xqv1ASWPpayPEig==",
      "funding": [
        {
          "type": "opencollective",
          "url": "https://opencollective.com/postcss/"
        },
        {
          "type": "tidelift",
          "url": "https://tidelift.com/funding/github/npm/postcss"
        }
      ],
      "dependencies": {
        "nanoid": "^3.3.4",
        "picocolors": "^1.0.0",
        "source-map-js": "^1.0.2"
      },
      "engines": {
        "node": "^10 || ^12 || >=14"
      }
    },
    "node_modules/react": {
      "version": "18.1.0",
      "license": "MIT",
      "peer": true,
      "dependencies": {
        "loose-envify": "^1.1.0"
      },
      "engines": {
        "node": ">=0.10.0"
      }
    },
    "node_modules/react-dom": {
      "version": "18.1.0",
      "license": "MIT",
      "peer": true,
      "dependencies": {
        "loose-envify": "^1.1.0",
        "scheduler": "^0.22.0"
      },
      "peerDependencies": {
        "react": "^18.1.0"
      }
    },
    "node_modules/scheduler": {
      "version": "0.22.0",
      "license": "MIT",
      "peer": true,
      "dependencies": {
        "loose-envify": "^1.1.0"
      }
    },
    "node_modules/source-map-js": {
      "version": "1.0.2",
      "resolved": "https://registry.npmjs.org/source-map-js/-/source-map-js-1.0.2.tgz",
      "integrity": "sha512-R0XvVJ9WusLiqTCEiGCmICCMplcCkIwwR11mOSD9CR5u+IXYdiseeEuXCVAjS54zqwkLcPNnmU4OeJ6tUrWhDw==",
      "engines": {
        "node": ">=0.10.0"
      }
    },
    "node_modules/styled-jsx": {
      "version": "5.0.7",
      "resolved": "https://registry.npmjs.org/styled-jsx/-/styled-jsx-5.0.7.tgz",
      "integrity": "sha512-b3sUzamS086YLRuvnaDigdAewz1/EFYlHpYBP5mZovKEdQQOIIYq8lApylub3HHZ6xFjV051kkGU7cudJmrXEA==",
      "engines": {
        "node": ">= 12.0.0"
      },
      "peerDependencies": {
        "react": ">= 16.8.0 || 17.x.x || ^18.0.0-0"
      },
      "peerDependenciesMeta": {
        "@babel/core": {
          "optional": true
        },
        "babel-plugin-macros": {
          "optional": true
        }
      }
    },
    "node_modules/tslib": {
      "version": "2.4.1",
      "resolved": "https://registry.npmjs.org/tslib/-/tslib-2.4.1.tgz",
      "integrity": "sha512-tGyy4dAjRIEwI7BzsB0lynWgOpfqjUdq91XXAlIWD2OwKBH7oCl/GZG/HT4BOHrTlPMOASlMQ7veyTqpmRcrNA=="
    },
    "node_modules/use-sync-external-store": {
      "version": "1.2.0",
      "resolved": "https://registry.npmjs.org/use-sync-external-store/-/use-sync-external-store-1.2.0.tgz",
      "integrity": "sha512-eEgnFxGQ1Ife9bzYs6VLi8/4X6CObHMw9Qr9tPY43iKwsPw8xE8+EFsf/2cFZ5S3esXgpWgtSCtLNS41F+sKPA==",
      "peerDependencies": {
        "react": "^16.8.0 || ^17.0.0 || ^18.0.0"
      }
    }
  },
  "dependencies": {
    "@next/env": {
      "version": "12.3.2",
      "resolved": "https://registry.npmjs.org/@next/env/-/env-12.3.2.tgz",
      "integrity": "sha512-upwtMaHxlv/udAWGq0kE+rg8huwmcxQPsKZFhS1R5iVO323mvxEBe1YrSXe1awLbg9sTIuEHbgxjLLt7JbeuAQ=="
    },
    "@next/swc-android-arm-eabi": {
      "version": "12.3.2",
      "resolved": "https://registry.npmjs.org/@next/swc-android-arm-eabi/-/swc-android-arm-eabi-12.3.2.tgz",
      "integrity": "sha512-r2rrz+DZ8YYGqzVrbRrpP6GKzwozpOrnFbErc4k36vUTSFMag9yQahZfaBe06JYdqu/e5yhm/saIDEaSVPRP4g==",
      "optional": true
    },
    "@next/swc-android-arm64": {
      "version": "12.3.2",
      "resolved": "https://registry.npmjs.org/@next/swc-android-arm64/-/swc-android-arm64-12.3.2.tgz",
      "integrity": "sha512-B+TINJhCf+CrY1+b3/JWQlkecv53rAGa/gA7gi5B1cnBa/2Uvoe+Ue0JeCefTjfiyl1ScsyNx+NcESY8Ye2Ngg==",
      "optional": true
    },
    "@next/swc-darwin-arm64": {
      "version": "12.3.2",
      "resolved": "https://registry.npmjs.org/@next/swc-darwin-arm64/-/swc-darwin-arm64-12.3.2.tgz",
      "integrity": "sha512-PTUfe1ZrwjsiuTmr3bOM9lsoy5DCmfYsLOUF9ZVhtbi5MNJVmUTy4VZ06GfrvnCO5hGCr48z3vpFE9QZ0qLcPw==",
      "optional": true
    },
    "@next/swc-darwin-x64": {
      "version": "12.3.2",
      "resolved": "https://registry.npmjs.org/@next/swc-darwin-x64/-/swc-darwin-x64-12.3.2.tgz",
      "integrity": "sha512-1HkjmS9awwlaeEY8Y01nRSNkSv3y+qnC/mjMPe/W66hEh3QKa/LQHqHeS7NOdEs19B2mhZ7w+EgMRXdLQ0Su8w==",
      "optional": true
    },
    "@next/swc-freebsd-x64": {
      "version": "12.3.2",
      "resolved": "https://registry.npmjs.org/@next/swc-freebsd-x64/-/swc-freebsd-x64-12.3.2.tgz",
      "integrity": "sha512-h5Mx0BKDCJ5Vu/U8e07esF6PjPv1EJgmRbYWTUZMAflu13MQpCJkKEJir7+BeRfTXRfgFf+llc7uocrpd7mcrg==",
      "optional": true
    },
    "@next/swc-linux-arm-gnueabihf": {
      "version": "12.3.2",
      "resolved": "https://registry.npmjs.org/@next/swc-linux-arm-gnueabihf/-/swc-linux-arm-gnueabihf-12.3.2.tgz",
      "integrity": "sha512-EuRZAamoxfe/WoWRaC0zsCAoE4gs/mEhilcloNM4J5Mnb3PLY8PZV394W7t5tjBjItMCF7l2Ebwjwtm46tq2RA==",
      "optional": true
    },
    "@next/swc-linux-arm64-gnu": {
      "version": "12.3.2",
      "resolved": "https://registry.npmjs.org/@next/swc-linux-arm64-gnu/-/swc-linux-arm64-gnu-12.3.2.tgz",
      "integrity": "sha512-T9GCFyOIb4S3acA9LqflUYD+QZ94iZketHCqKdoO0Nx0OCHIgGJV5rotDe8TDXwh/goYpIfyHU4j1qqw4w4VnA==",
      "optional": true
    },
    "@next/swc-linux-arm64-musl": {
      "version": "12.3.2",
      "resolved": "https://registry.npmjs.org/@next/swc-linux-arm64-musl/-/swc-linux-arm64-musl-12.3.2.tgz",
      "integrity": "sha512-hxNVZS6L3c2z3l9EH2GP0MGQ9exu6O8cohYNZyqC9WUl6C03sEn8xzDH1y+NgD3fVurvYkGU5F0PDddJJLfDIw==",
      "optional": true
    },
    "@next/swc-linux-x64-gnu": {
      "version": "12.3.2",
      "resolved": "https://registry.npmjs.org/@next/swc-linux-x64-gnu/-/swc-linux-x64-gnu-12.3.2.tgz",
      "integrity": "sha512-fCPkLuwDwY8/QeXxciJJjDHG09liZym/Bhb4A+RLFQ877wUkwFsNWDUTSdUx0YXlYK/1gf67BKauqKkOKp6CYw==",
      "optional": true
    },
    "@next/swc-linux-x64-musl": {
      "version": "12.3.2",
      "resolved": "https://registry.npmjs.org/@next/swc-linux-x64-musl/-/swc-linux-x64-musl-12.3.2.tgz",
      "integrity": "sha512-o+GifBIQ2K+/MEFxHsxUZoU3bsuVFLXZYWd3idimFHiVdDCVYiKsY6mYMmKDlucX+9xRyOCkKL9Tjf+3tuXJpw==",
      "optional": true
    },
    "@next/swc-win32-arm64-msvc": {
      "version": "12.3.2",
      "resolved": "https://registry.npmjs.org/@next/swc-win32-arm64-msvc/-/swc-win32-arm64-msvc-12.3.2.tgz",
      "integrity": "sha512-crii66irzGGMSUR0L8r9+A06eTv7FTXqw4rgzJ33M79EwQJOdpY7RVKXLQMurUhniEeQEEOfamiEdPIi/qxisw==",
      "optional": true
    },
    "@next/swc-win32-ia32-msvc": {
      "version": "12.3.2",
      "resolved": "https://registry.npmjs.org/@next/swc-win32-ia32-msvc/-/swc-win32-ia32-msvc-12.3.2.tgz",
      "integrity": "sha512-5hRUSvn3MdQ4nVRu1rmKxq5YJzpTtZfaC/NyGw6wa4NSF1noUn/pdQGUr+I5Qz3CZkd1gZzzC0eaXQHlrk0E2g==",
      "optional": true
    },
    "@next/swc-win32-x64-msvc": {
      "version": "12.3.2",
      "resolved": "https://registry.npmjs.org/@next/swc-win32-x64-msvc/-/swc-win32-x64-msvc-12.3.2.tgz",
      "integrity": "sha512-tpQJYUH+TzPMIsdVl9fH8uDg47iwiNjKY+8e9da3dXqlkztKzjSw0OwSADoqh3KrifplXeKSta+BBGLdBqg3sg==",
      "optional": true
    },
    "@swc/helpers": {
      "version": "0.4.11",
      "resolved": "https://registry.npmjs.org/@swc/helpers/-/helpers-0.4.11.tgz",
      "integrity": "sha512-rEUrBSGIoSFuYxwBYtlUFMlE2CwGhmW+w9355/5oduSw8e5h2+Tj4UrAGNNgP9915++wj5vkQo0UuOBqOAq4nw==",
      "requires": {
        "tslib": "^2.4.0"
      }
    },
    "caniuse-lite": {
      "version": "1.0.30001431",
      "resolved": "https://registry.npmjs.org/caniuse-lite/-/caniuse-lite-1.0.30001431.tgz",
      "integrity": "sha512-zBUoFU0ZcxpvSt9IU66dXVT/3ctO1cy4y9cscs1szkPlcWb6pasYM144GqrUygUbT+k7cmUCW61cvskjcv0enQ=="
    },
    "js-tokens": {
      "version": "4.0.0",
      "peer": true
    },
    "loose-envify": {
      "version": "1.4.0",
      "peer": true,
      "requires": {
        "js-tokens": "^3.0.0 || ^4.0.0"
      }
    },
    "nanoid": {
      "version": "3.3.4",
      "resolved": "https://registry.npmjs.org/nanoid/-/nanoid-3.3.4.tgz",
      "integrity": "sha512-MqBkQh/OHTS2egovRtLk45wEyNXwF+cokD+1YPf9u5VfJiRdAiRwB2froX5Co9Rh20xs4siNPm8naNotSD6RBw=="
    },
    "next": {
      "version": "12.3.2",
      "resolved": "https://registry.npmjs.org/next/-/next-12.3.2.tgz",
      "integrity": "sha512-orzvvebCwOqaz1eA5ZA0R5dbKxqtJyw7yeig7kDspu6p8OrplfyelzpvMHcDTKscv/l0nn/0l0v3mSsE8w4k7A==",
      "requires": {
        "@next/env": "12.3.2",
        "@next/swc-android-arm-eabi": "12.3.2",
        "@next/swc-android-arm64": "12.3.2",
        "@next/swc-darwin-arm64": "12.3.2",
        "@next/swc-darwin-x64": "12.3.2",
        "@next/swc-freebsd-x64": "12.3.2",
        "@next/swc-linux-arm-gnueabihf": "12.3.2",
        "@next/swc-linux-arm64-gnu": "12.3.2",
        "@next/swc-linux-arm64-musl": "12.3.2",
        "@next/swc-linux-x64-gnu": "12.3.2",
        "@next/swc-linux-x64-musl": "12.3.2",
        "@next/swc-win32-arm64-msvc": "12.3.2",
        "@next/swc-win32-ia32-msvc": "12.3.2",
        "@next/swc-win32-x64-msvc": "12.3.2",
        "@swc/helpers": "0.4.11",
        "caniuse-lite": "^1.0.30001406",
        "postcss": "8.4.14",
        "styled-jsx": "5.0.7",
        "use-sync-external-store": "1.2.0"
      }
    },
    "next-router-mock": {
      "version": "file:../..",
      "requires": {
        "@changesets/cli": "^2.26.2",
        "@testing-library/react": "^13.4.0",
        "@types/jest": "^26.0.20",
        "doctoc": "^2.2.0",
        "jest": "^26.6.3",
        "next": "^13.5.1",
        "prettier": "^2.2.1",
        "react": "^18.2.0",
        "react-dom": "^18.2.0",
        "react-test-renderer": "^18.2.0",
        "rimraf": "^3.0.2",
        "ts-jest": "^26.4.4",
        "typescript": "^4.9.5"
      }
    },
    "picocolors": {
      "version": "1.0.0",
      "resolved": "https://registry.npmjs.org/picocolors/-/picocolors-1.0.0.tgz",
      "integrity": "sha512-1fygroTLlHu66zi26VoTDv8yRgm0Fccecssto+MhsZ0D/DGW2sm8E8AjW7NU5VVTRt5GxbeZ5qBuJr+HyLYkjQ=="
    },
    "postcss": {
      "version": "8.4.14",
      "resolved": "https://registry.npmjs.org/postcss/-/postcss-8.4.14.tgz",
      "integrity": "sha512-E398TUmfAYFPBSdzgeieK2Y1+1cpdxJx8yXbK/m57nRhKSmk1GB2tO4lbLBtlkfPQTDKfe4Xqv1ASWPpayPEig==",
      "requires": {
        "nanoid": "^3.3.4",
        "picocolors": "^1.0.0",
        "source-map-js": "^1.0.2"
      }
    },
    "react": {
      "version": "18.1.0",
      "peer": true,
      "requires": {
        "loose-envify": "^1.1.0"
      }
    },
    "react-dom": {
      "version": "18.1.0",
      "peer": true,
      "requires": {
        "loose-envify": "^1.1.0",
        "scheduler": "^0.22.0"
      }
    },
    "scheduler": {
      "version": "0.22.0",
      "peer": true,
      "requires": {
        "loose-envify": "^1.1.0"
      }
    },
    "source-map-js": {
      "version": "1.0.2",
      "resolved": "https://registry.npmjs.org/source-map-js/-/source-map-js-1.0.2.tgz",
      "integrity": "sha512-R0XvVJ9WusLiqTCEiGCmICCMplcCkIwwR11mOSD9CR5u+IXYdiseeEuXCVAjS54zqwkLcPNnmU4OeJ6tUrWhDw=="
    },
    "styled-jsx": {
      "version": "5.0.7",
      "resolved": "https://registry.npmjs.org/styled-jsx/-/styled-jsx-5.0.7.tgz",
      "integrity": "sha512-b3sUzamS086YLRuvnaDigdAewz1/EFYlHpYBP5mZovKEdQQOIIYq8lApylub3HHZ6xFjV051kkGU7cudJmrXEA==",
      "requires": {}
    },
    "tslib": {
      "version": "2.4.1",
      "resolved": "https://registry.npmjs.org/tslib/-/tslib-2.4.1.tgz",
      "integrity": "sha512-tGyy4dAjRIEwI7BzsB0lynWgOpfqjUdq91XXAlIWD2OwKBH7oCl/GZG/HT4BOHrTlPMOASlMQ7veyTqpmRcrNA=="
    },
    "use-sync-external-store": {
      "version": "1.2.0",
      "resolved": "https://registry.npmjs.org/use-sync-external-store/-/use-sync-external-store-1.2.0.tgz",
      "integrity": "sha512-eEgnFxGQ1Ife9bzYs6VLi8/4X6CObHMw9Qr9tPY43iKwsPw8xE8+EFsf/2cFZ5S3esXgpWgtSCtLNS41F+sKPA==",
      "requires": {}
    }
  }
}
